
Microsoft Visual Studio Solution File, Format Version 12.00
# Visual Studio Version 17
VisualStudioVersion = 17.0.31903.59
MinimumVisualStudioVersion = 10.0.40219.1
Project("{2150E333-8FDC-42A3-9474-1A3956D46DE8}") = "src", "src", "{694D546F-77AC-4796-9C08-55B3C03FF165}"
EndProject
Project("{FAE04EC0-301F-11D3-BF4B-00C04F79EFBC}") = "FlintSoft.Inventory.Domain", "src\FlintSoft.Inventory.Domain\FlintSoft.Inventory.Domain.csproj", "{4C58B723-DBB0-4940-B288-22FDF3CC0D5D}"
EndProject
Project("{FAE04EC0-301F-11D3-BF4B-00C04F79EFBC}") = "FlintSoft.Inventory.Application", "src\FlintSoft.Inventory.Application\FlintSoft.Inventory.Application.csproj", "{69CFCB13-40B6-4CD5-B49D-E3FE36A2552C}"
EndProject
Project("{FAE04EC0-301F-11D3-BF4B-00C04F79EFBC}") = "FlintSoft.Inventory.Infrastructure", "src\FlintSoft.Inventory.Infrastructure\FlintSoft.Inventory.Infrastructure.csproj", "{751AAF8C-71DA-4C6B-AA3C-7AECCDE654ED}"
EndProject
Project("{FAE04EC0-301F-11D3-BF4B-00C04F79EFBC}") = "FlintSoft.Inventory.Contracts", "src\FlintSoft.Inventory.Contracts\FlintSoft.Inventory.Contracts.csproj", "{EF66468D-2468-44E5-AE85-ACB3622E4985}"
EndProject
Project("{FAE04EC0-301F-11D3-BF4B-00C04F79EFBC}") = "FlintSoft.Inventory.Api", "src\FlintSoft.Inventory.Api\FlintSoft.Inventory.Api.csproj", "{8CEEE0A4-C746-4076-B1D0-76EB08C82006}"
EndProject
Global
	GlobalSection(SolutionConfigurationPlatforms) = preSolution
		Debug|Any CPU = Debug|Any CPU
		Release|Any CPU = Release|Any CPU
	EndGlobalSection
	GlobalSection(SolutionProperties) = preSolution
		HideSolutionNode = FALSE
	EndGlobalSection
	GlobalSection(ProjectConfigurationPlatforms) = postSolution
		{4C58B723-DBB0-4940-B288-22FDF3CC0D5D}.Debug|Any CPU.ActiveCfg = Debug|Any CPU
		{4C58B723-DBB0-4940-B288-22FDF3CC0D5D}.Debug|Any CPU.Build.0 = Debug|Any CPU
		{4C58B723-DBB0-4940-B288-22FDF3CC0D5D}.Release|Any CPU.ActiveCfg = Release|Any CPU
		{4C58B723-DBB0-4940-B288-22FDF3CC0D5D}.Release|Any CPU.Build.0 = Release|Any CPU
		{69CFCB13-40B6-4CD5-B49D-E3FE36A2552C}.Debug|Any CPU.ActiveCfg = Debug|Any CPU
		{69CFCB13-40B6-4CD5-B49D-E3FE36A2552C}.Debug|Any CPU.Build.0 = Debug|Any CPU
		{69CFCB13-40B6-4CD5-B49D-E3FE36A2552C}.Release|Any CPU.ActiveCfg = Release|Any CPU
		{69CFCB13-40B6-4CD5-B49D-E3FE36A2552C}.Release|Any CPU.Build.0 = Release|Any CPU
		{751AAF8C-71DA-4C6B-AA3C-7AECCDE654ED}.Debug|Any CPU.ActiveCfg = Debug|Any CPU
		{751AAF8C-71DA-4C6B-AA3C-7AECCDE654ED}.Debug|Any CPU.Build.0 = Debug|Any CPU
		{751AAF8C-71DA-4C6B-AA3C-7AECCDE654ED}.Release|Any CPU.ActiveCfg = Release|Any CPU
		{751AAF8C-71DA-4C6B-AA3C-7AECCDE654ED}.Release|Any CPU.Build.0 = Release|Any CPU
		{EF66468D-2468-44E5-AE85-ACB3622E4985}.Debug|Any CPU.ActiveCfg = Debug|Any CPU
		{EF66468D-2468-44E5-AE85-ACB3622E4985}.Debug|Any CPU.Build.0 = Debug|Any CPU
		{EF66468D-2468-44E5-AE85-ACB3622E4985}.Release|Any CPU.ActiveCfg = Release|Any CPU
		{EF66468D-2468-44E5-AE85-ACB3622E4985}.Release|Any CPU.Build.0 = Release|Any CPU
		{8CEEE0A4-C746-4076-B1D0-76EB08C82006}.Debug|Any CPU.ActiveCfg = Debug|Any CPU
		{8CEEE0A4-C746-4076-B1D0-76EB08C82006}.Debug|Any CPU.Build.0 = Debug|Any CPU
		{8CEEE0A4-C746-4076-B1D0-76EB08C82006}.Release|Any CPU.ActiveCfg = Release|Any CPU
		{8CEEE0A4-C746-4076-B1D0-76EB08C82006}.Release|Any CPU.Build.0 = Release|Any CPU
	EndGlobalSection
	GlobalSection(NestedProjects) = preSolution
		{4C58B723-DBB0-4940-B288-22FDF3CC0D5D} = {694D546F-77AC-4796-9C08-55B3C03FF165}
		{69CFCB13-40B6-4CD5-B49D-E3FE36A2552C} = {694D546F-77AC-4796-9C08-55B3C03FF165}
		{751AAF8C-71DA-4C6B-AA3C-7AECCDE654ED} = {694D546F-77AC-4796-9C08-55B3C03FF165}
		{EF66468D-2468-44E5-AE85-ACB3622E4985} = {694D546F-77AC-4796-9C08-55B3C03FF165}
		{8CEEE0A4-C746-4076-B1D0-76EB08C82006} = {694D546F-77AC-4796-9C08-55B3C03FF165}
	EndGlobalSection
EndGlobal
